
Microsoft Visual Studio Solution File, Format Version 12.00
# Visual Studio 15
VisualStudioVersion = 15.0.26430.13
MinimumVisualStudioVersion = 10.0.40219.1
Project("{FAE04EC0-301F-11D3-BF4B-00C04F79EFBC}") = "CourseManagementSystem", "CourseManagementSystem\CourseManagementSystem.csproj", "{7E69DB57-4150-490A-9ADA-D110778B6571}"
EndProject
Project("{FAE04EC0-301F-11D3-BF4B-00C04F79EFBC}") = "CmsLibrary", "CMSLibrary\CmsLibrary.csproj", "{B8A7D8B1-3E3C-412B-BD1D-8150C6E3348E}"
EndProject
Project("{FAE04EC0-301F-11D3-BF4B-00C04F79EFBC}") = "CmsConsoleDebug", "CmsConsoleDebug\CmsConsoleDebug.csproj", "{B1676746-661B-4279-9A6F-FD2C2D3725FA}"
EndProject
Global
	GlobalSection(SolutionConfigurationPlatforms) = preSolution
		Debug|Any CPU = Debug|Any CPU
		Release|Any CPU = Release|Any CPU
	EndGlobalSection
	GlobalSection(ProjectConfigurationPlatforms) = postSolution
		{7E69DB57-4150-490A-9ADA-D110778B6571}.Debug|Any CPU.ActiveCfg = Debug|Any CPU
		{7E69DB57-4150-490A-9ADA-D110778B6571}.Debug|Any CPU.Build.0 = Debug|Any CPU
		{7E69DB57-4150-490A-9ADA-D110778B6571}.Release|Any CPU.ActiveCfg = Release|Any CPU
		{7E69DB57-4150-490A-9ADA-D110778B6571}.Release|Any CPU.Build.0 = Release|Any CPU
		{B8A7D8B1-3E3C-412B-BD1D-8150C6E3348E}.Debug|Any CPU.ActiveCfg = Debug|Any CPU
		{B8A7D8B1-3E3C-412B-BD1D-8150C6E3348E}.Debug|Any CPU.Build.0 = Debug|Any CPU
		{B8A7D8B1-3E3C-412B-BD1D-8150C6E3348E}.Release|Any CPU.ActiveCfg = Release|Any CPU
		{B8A7D8B1-3E3C-412B-BD1D-8150C6E3348E}.Release|Any CPU.Build.0 = Release|Any CPU
		{B1676746-661B-4279-9A6F-FD2C2D3725FA}.Debug|Any CPU.ActiveCfg = Debug|Any CPU
		{B1676746-661B-4279-9A6F-FD2C2D3725FA}.Debug|Any CPU.Build.0 = Debug|Any CPU
		{B1676746-661B-4279-9A6F-FD2C2D3725FA}.Release|Any CPU.ActiveCfg = Release|Any CPU
		{B1676746-661B-4279-9A6F-FD2C2D3725FA}.Release|Any CPU.Build.0 = Release|Any CPU
	EndGlobalSection
	GlobalSection(SolutionProperties) = preSolution
		HideSolutionNode = FALSE
	EndGlobalSection
EndGlobal
